
Microsoft Visual Studio Solution File, Format Version 12.00
# Visual Studio Version 17
VisualStudioVersion = 17.11.35303.130
MinimumVisualStudioVersion = 10.0.40219.1
Project("{FAE04EC0-301F-11D3-BF4B-00C04F79EFBC}") = "EcoSmart", "EcoSmart.csproj", "{2BD04C11-A10D-4A5A-B7FF-7F99991F9F47}"
EndProject
Global
	GlobalSection(SolutionConfigurationPlatforms) = preSolution
		Debug|Any CPU = Debug|Any CPU
		Release|Any CPU = Release|Any CPU
	EndGlobalSection
	GlobalSection(ProjectConfigurationPlatforms) = postSolution
		{2BD04C11-A10D-4A5A-B7FF-7F99991F9F47}.Debug|Any CPU.ActiveCfg = Debug|Any CPU
		{2BD04C11-A10D-4A5A-B7FF-7F99991F9F47}.Debug|Any CPU.Build.0 = Debug|Any CPU
		{2BD04C11-A10D-4A5A-B7FF-7F99991F9F47}.Release|Any CPU.ActiveCfg = Release|Any CPU
		{2BD04C11-A10D-4A5A-B7FF-7F99991F9F47}.Release|Any CPU.Build.0 = Release|Any CPU
	EndGlobalSection
	GlobalSection(SolutionProperties) = preSolution
		HideSolutionNode = FALSE
	EndGlobalSection
	GlobalSection(ExtensibilityGlobals) = postSolution
		SolutionGuid = {526E38B6-A94D-45E5-9DCA-1125169A12F0}
	EndGlobalSection
EndGlobal
